// !$*UTF8*$!
{
	archiveVersion = 1;
	classes = {
	};
	objectVersion = 52;
	objects = {

/* Begin PBXBuildFile section */
		040326962693206F006F4DB5 /* Extensions.swift in Sources */ = {isa = PBXBuildFile; fileRef = 040326952693206F006F4DB5 /* Extensions.swift */; };
		0403269B269333A3006F4DB5 /* list.swift in Sources */ = {isa = PBXBuildFile; fileRef = 0403269A269333A3006F4DB5 /* list.swift */; };
		0418B621269570960051A649 /* Api.swift in Sources */ = {isa = PBXBuildFile; fileRef = 0418B620269570960051A649 /* Api.swift */; };
		0420AF28269D797C000D3528 /* LoginApi.swift in Sources */ = {isa = PBXBuildFile; fileRef = 0420AF27269D797C000D3528 /* LoginApi.swift */; };
		0420AF34269D96CC000D3528 /* Alamofire in Frameworks */ = {isa = PBXBuildFile; productRef = 0420AF33269D96CC000D3528 /* Alamofire */; };
		042EC70A2696D14200CB47E6 /* CartModel.swift in Sources */ = {isa = PBXBuildFile; fileRef = 042EC7092696D14200CB47E6 /* CartModel.swift */; };
		042EC7102696D6FF00CB47E6 /* ProductsApi.swift in Sources */ = {isa = PBXBuildFile; fileRef = 042EC70F2696D6FF00CB47E6 /* ProductsApi.swift */; };
		047F081F26947F2F00113E64 /* DetailView.swift in Sources */ = {isa = PBXBuildFile; fileRef = 047F081E26947F2F00113E64 /* DetailView.swift */; };
		0482B96E2696FDEF000F150D /* CartView.swift in Sources */ = {isa = PBXBuildFile; fileRef = 0482B96D2696FDEF000F150D /* CartView.swift */; };
		0482B97926971832000F150D /* DrawPaths.swift in Sources */ = {isa = PBXBuildFile; fileRef = 0482B97826971832000F150D /* DrawPaths.swift */; };
		0482B97E26971949000F150D /* BadgeBackground.swift in Sources */ = {isa = PBXBuildFile; fileRef = 0482B97D26971949000F150D /* BadgeBackground.swift */; };
		0482B98326971ACC000F150D /* DrawBadgeSymbol.swift in Sources */ = {isa = PBXBuildFile; fileRef = 0482B98226971ACC000F150D /* DrawBadgeSymbol.swift */; };
		0483002C2695C96900727456 /* ImageLoader.swift in Sources */ = {isa = PBXBuildFile; fileRef = 0483002B2695C96900727456 /* ImageLoader.swift */; };
		048300312695D03000727456 /* Login.swift in Sources */ = {isa = PBXBuildFile; fileRef = 048300302695D03000727456 /* Login.swift */; };
		04FCF9072690889F00493782 /* swift_demoApp.swift in Sources */ = {isa = PBXBuildFile; fileRef = 04FCF9062690889F00493782 /* swift_demoApp.swift */; };
		04FCF9092690889F00493782 /* ContentView.swift in Sources */ = {isa = PBXBuildFile; fileRef = 04FCF9082690889F00493782 /* ContentView.swift */; };
		04FCF90B269088A000493782 /* Assets.xcassets in Resources */ = {isa = PBXBuildFile; fileRef = 04FCF90A269088A000493782 /* Assets.xcassets */; };
		04FCF90E269088A000493782 /* Preview Assets.xcassets in Resources */ = {isa = PBXBuildFile; fileRef = 04FCF90D269088A000493782 /* Preview Assets.xcassets */; };
		04FCF919269088A000493782 /* swift_demoTests.swift in Sources */ = {isa = PBXBuildFile; fileRef = 04FCF918269088A000493782 /* swift_demoTests.swift */; };
		04FCF924269088A000493782 /* swift_demoUITests.swift in Sources */ = {isa = PBXBuildFile; fileRef = 04FCF923269088A000493782 /* swift_demoUITests.swift */; };
/* End PBXBuildFile section */

/* Begin PBXContainerItemProxy section */
		04FCF915269088A000493782 /* PBXContainerItemProxy */ = {
			isa = PBXContainerItemProxy;
			containerPortal = 04FCF8FB2690889F00493782 /* Project object */;
			proxyType = 1;
			remoteGlobalIDString = 04FCF9022690889F00493782;
			remoteInfo = swift_demo;
		};
		04FCF920269088A000493782 /* PBXContainerItemProxy */ = {
			isa = PBXContainerItemProxy;
			containerPortal = 04FCF8FB2690889F00493782 /* Project object */;
			proxyType = 1;
			remoteGlobalIDString = 04FCF9022690889F00493782;
			remoteInfo = swift_demo;
		};
/* End PBXContainerItemProxy section */

/* Begin PBXFileReference section */
		040326952693206F006F4DB5 /* Extensions.swift */ = {isa = PBXFileReference; lastKnownFileType = sourcecode.swift; path = Extensions.swift; sourceTree = "<group>"; };
		0403269A269333A3006F4DB5 /* list.swift */ = {isa = PBXFileReference; lastKnownFileType = sourcecode.swift; path = list.swift; sourceTree = "<group>"; };
		0418B620269570960051A649 /* Api.swift */ = {isa = PBXFileReference; lastKnownFileType = sourcecode.swift; path = Api.swift; sourceTree = "<group>"; };
		0420AF27269D797C000D3528 /* LoginApi.swift */ = {isa = PBXFileReference; lastKnownFileType = sourcecode.swift; path = LoginApi.swift; sourceTree = "<group>"; };
		042EC7092696D14200CB47E6 /* CartModel.swift */ = {isa = PBXFileReference; lastKnownFileType = sourcecode.swift; path = CartModel.swift; sourceTree = "<group>"; };
		042EC70F2696D6FF00CB47E6 /* ProductsApi.swift */ = {isa = PBXFileReference; lastKnownFileType = sourcecode.swift; path = ProductsApi.swift; sourceTree = "<group>"; };
		047F081E26947F2F00113E64 /* DetailView.swift */ = {isa = PBXFileReference; lastKnownFileType = sourcecode.swift; path = DetailView.swift; sourceTree = "<group>"; };
		0482B96D2696FDEF000F150D /* CartView.swift */ = {isa = PBXFileReference; lastKnownFileType = sourcecode.swift; path = CartView.swift; sourceTree = "<group>"; };
		0482B97826971832000F150D /* DrawPaths.swift */ = {isa = PBXFileReference; lastKnownFileType = sourcecode.swift; path = DrawPaths.swift; sourceTree = "<group>"; };
		0482B97D26971949000F150D /* BadgeBackground.swift */ = {isa = PBXFileReference; lastKnownFileType = sourcecode.swift; path = BadgeBackground.swift; sourceTree = "<group>"; };
		0482B98226971ACC000F150D /* DrawBadgeSymbol.swift */ = {isa = PBXFileReference; lastKnownFileType = sourcecode.swift; path = DrawBadgeSymbol.swift; sourceTree = "<group>"; };
		0483002B2695C96900727456 /* ImageLoader.swift */ = {isa = PBXFileReference; lastKnownFileType = sourcecode.swift; path = ImageLoader.swift; sourceTree = "<group>"; };
		048300302695D03000727456 /* Login.swift */ = {isa = PBXFileReference; lastKnownFileType = sourcecode.swift; path = Login.swift; sourceTree = "<group>"; };
		04FCF9032690889F00493782 /* swift_demo.app */ = {isa = PBXFileReference; explicitFileType = wrapper.application; includeInIndex = 0; path = swift_demo.app; sourceTree = BUILT_PRODUCTS_DIR; };
		04FCF9062690889F00493782 /* swift_demoApp.swift */ = {isa = PBXFileReference; lastKnownFileType = sourcecode.swift; path = swift_demoApp.swift; sourceTree = "<group>"; };
		04FCF9082690889F00493782 /* ContentView.swift */ = {isa = PBXFileReference; lastKnownFileType = sourcecode.swift; path = ContentView.swift; sourceTree = "<group>"; };
		04FCF90A269088A000493782 /* Assets.xcassets */ = {isa = PBXFileReference; lastKnownFileType = folder.assetcatalog; path = Assets.xcassets; sourceTree = "<group>"; };
		04FCF90D269088A000493782 /* Preview Assets.xcassets */ = {isa = PBXFileReference; lastKnownFileType = folder.assetcatalog; path = "Preview Assets.xcassets"; sourceTree = "<group>"; };
		04FCF90F269088A000493782 /* Info.plist */ = {isa = PBXFileReference; lastKnownFileType = text.plist.xml; path = Info.plist; sourceTree = "<group>"; };
		04FCF914269088A000493782 /* swift_demoTests.xctest */ = {isa = PBXFileReference; explicitFileType = wrapper.cfbundle; includeInIndex = 0; path = swift_demoTests.xctest; sourceTree = BUILT_PRODUCTS_DIR; };
		04FCF918269088A000493782 /* swift_demoTests.swift */ = {isa = PBXFileReference; lastKnownFileType = sourcecode.swift; path = swift_demoTests.swift; sourceTree = "<group>"; };
		04FCF91A269088A000493782 /* Info.plist */ = {isa = PBXFileReference; lastKnownFileType = text.plist.xml; path = Info.plist; sourceTree = "<group>"; };
		04FCF91F269088A000493782 /* swift_demoUITests.xctest */ = {isa = PBXFileReference; explicitFileType = wrapper.cfbundle; includeInIndex = 0; path = swift_demoUITests.xctest; sourceTree = BUILT_PRODUCTS_DIR; };
		04FCF923269088A000493782 /* swift_demoUITests.swift */ = {isa = PBXFileReference; lastKnownFileType = sourcecode.swift; path = swift_demoUITests.swift; sourceTree = "<group>"; };
		04FCF925269088A000493782 /* Info.plist */ = {isa = PBXFileReference; lastKnownFileType = text.plist.xml; path = Info.plist; sourceTree = "<group>"; };
/* End PBXFileReference section */

/* Begin PBXFrameworksBuildPhase section */
		04FCF9002690889F00493782 /* Frameworks */ = {
			isa = PBXFrameworksBuildPhase;
			buildActionMask = 2147483647;
			files = (
				0420AF34269D96CC000D3528 /* Alamofire in Frameworks */,
			);
			runOnlyForDeploymentPostprocessing = 0;
		};
		04FCF911269088A000493782 /* Frameworks */ = {
			isa = PBXFrameworksBuildPhase;
			buildActionMask = 2147483647;
			files = (
			);
			runOnlyForDeploymentPostprocessing = 0;
		};
		04FCF91C269088A000493782 /* Frameworks */ = {
			isa = PBXFrameworksBuildPhase;
			buildActionMask = 2147483647;
			files = (
			);
			runOnlyForDeploymentPostprocessing = 0;
		};
/* End PBXFrameworksBuildPhase section */

/* Begin PBXGroup section */
		0420AF41269DC856000D3528 /* Payload */ = {
			isa = PBXGroup;
			children = (
			);
			path = Payload;
			sourceTree = "<group>";
		};
		042EC70E2696D6DF00CB47E6 /* Api */ = {
			isa = PBXGroup;
			children = (
				042EC70F2696D6FF00CB47E6 /* ProductsApi.swift */,
				0420AF27269D797C000D3528 /* LoginApi.swift */,
			);
			path = Api;
			sourceTree = "<group>";
		};
		048300182695B07B00727456 /* Model */ = {
			isa = PBXGroup;
			children = (
				042EC7092696D14200CB47E6 /* CartModel.swift */,
			);
			path = Model;
			sourceTree = "<group>";
		};
		048300242695BD7100727456 /* View */ = {
			isa = PBXGroup;
			children = (
				04FCF9082690889F00493782 /* ContentView.swift */,
				0403269A269333A3006F4DB5 /* list.swift */,
				047F081E26947F2F00113E64 /* DetailView.swift */,
				0418B620269570960051A649 /* Api.swift */,
				0483002B2695C96900727456 /* ImageLoader.swift */,
				048300302695D03000727456 /* Login.swift */,
				0482B96D2696FDEF000F150D /* CartView.swift */,
				0482B97826971832000F150D /* DrawPaths.swift */,
				0482B97D26971949000F150D /* BadgeBackground.swift */,
				0482B98226971ACC000F150D /* DrawBadgeSymbol.swift */,
			);
			path = View;
			sourceTree = "<group>";
		};
		04FCF8FA2690889F00493782 = {
			isa = PBXGroup;
			children = (
				04FCF9052690889F00493782 /* swift_demo */,
				04FCF917269088A000493782 /* swift_demoTests */,
				04FCF922269088A000493782 /* swift_demoUITests */,
				04FCF9042690889F00493782 /* Products */,
			);
			sourceTree = "<group>";
		};
		04FCF9042690889F00493782 /* Products */ = {
			isa = PBXGroup;
			children = (
				04FCF9032690889F00493782 /* swift_demo.app */,
				04FCF914269088A000493782 /* swift_demoTests.xctest */,
				04FCF91F269088A000493782 /* swift_demoUITests.xctest */,
			);
			name = Products;
			sourceTree = "<group>";
		};
		04FCF9052690889F00493782 /* swift_demo */ = {
			isa = PBXGroup;
			children = (
				0420AF41269DC856000D3528 /* Payload */,
				042EC70E2696D6DF00CB47E6 /* Api */,
				048300242695BD7100727456 /* View */,
				048300182695B07B00727456 /* Model */,
				04FCF9062690889F00493782 /* swift_demoApp.swift */,
				04FCF90A269088A000493782 /* Assets.xcassets */,
				04FCF90F269088A000493782 /* Info.plist */,
				04FCF90C269088A000493782 /* Preview Content */,
				040326952693206F006F4DB5 /* Extensions.swift */,
			);
			path = swift_demo;
			sourceTree = "<group>";
		};
		04FCF90C269088A000493782 /* Preview Content */ = {
			isa = PBXGroup;
			children = (
				04FCF90D269088A000493782 /* Preview Assets.xcassets */,
			);
			path = "Preview Content";
			sourceTree = "<group>";
		};
		04FCF917269088A000493782 /* swift_demoTests */ = {
			isa = PBXGroup;
			children = (
				04FCF918269088A000493782 /* swift_demoTests.swift */,
				04FCF91A269088A000493782 /* Info.plist */,
			);
			path = swift_demoTests;
			sourceTree = "<group>";
		};
		04FCF922269088A000493782 /* swift_demoUITests */ = {
			isa = PBXGroup;
			children = (
				04FCF923269088A000493782 /* swift_demoUITests.swift */,
				04FCF925269088A000493782 /* Info.plist */,
			);
			path = swift_demoUITests;
			sourceTree = "<group>";
		};
/* End PBXGroup section */

/* Begin PBXNativeTarget section */
		04FCF9022690889F00493782 /* swift_demo */ = {
			isa = PBXNativeTarget;
			buildConfigurationList = 04FCF928269088A000493782 /* Build configuration list for PBXNativeTarget "swift_demo" */;
			buildPhases = (
				04FCF8FF2690889F00493782 /* Sources */,
				04FCF9002690889F00493782 /* Frameworks */,
				04FCF9012690889F00493782 /* Resources */,
			);
			buildRules = (
			);
			dependencies = (
			);
			name = swift_demo;
			packageProductDependencies = (
				0420AF33269D96CC000D3528 /* Alamofire */,
			);
			productName = swift_demo;
			productReference = 04FCF9032690889F00493782 /* swift_demo.app */;
			productType = "com.apple.product-type.application";
		};
		04FCF913269088A000493782 /* swift_demoTests */ = {
			isa = PBXNativeTarget;
			buildConfigurationList = 04FCF92B269088A000493782 /* Build configuration list for PBXNativeTarget "swift_demoTests" */;
			buildPhases = (
				04FCF910269088A000493782 /* Sources */,
				04FCF911269088A000493782 /* Frameworks */,
				04FCF912269088A000493782 /* Resources */,
			);
			buildRules = (
			);
			dependencies = (
				04FCF916269088A000493782 /* PBXTargetDependency */,
			);
			name = swift_demoTests;
			productName = swift_demoTests;
			productReference = 04FCF914269088A000493782 /* swift_demoTests.xctest */;
			productType = "com.apple.product-type.bundle.unit-test";
		};
		04FCF91E269088A000493782 /* swift_demoUITests */ = {
			isa = PBXNativeTarget;
			buildConfigurationList = 04FCF92E269088A000493782 /* Build configuration list for PBXNativeTarget "swift_demoUITests" */;
			buildPhases = (
				04FCF91B269088A000493782 /* Sources */,
				04FCF91C269088A000493782 /* Frameworks */,
				04FCF91D269088A000493782 /* Resources */,
			);
			buildRules = (
			);
			dependencies = (
				04FCF921269088A000493782 /* PBXTargetDependency */,
			);
			name = swift_demoUITests;
			productName = swift_demoUITests;
			productReference = 04FCF91F269088A000493782 /* swift_demoUITests.xctest */;
			productType = "com.apple.product-type.bundle.ui-testing";
		};
/* End PBXNativeTarget section */

/* Begin PBXProject section */
		04FCF8FB2690889F00493782 /* Project object */ = {
			isa = PBXProject;
			attributes = {
				LastSwiftUpdateCheck = 1240;
				LastUpgradeCheck = 1240;
				TargetAttributes = {
					04FCF9022690889F00493782 = {
						CreatedOnToolsVersion = 12.4;
					};
					04FCF913269088A000493782 = {
						CreatedOnToolsVersion = 12.4;
						TestTargetID = 04FCF9022690889F00493782;
					};
					04FCF91E269088A000493782 = {
						CreatedOnToolsVersion = 12.4;
						TestTargetID = 04FCF9022690889F00493782;
					};
				};
			};
			buildConfigurationList = 04FCF8FE2690889F00493782 /* Build configuration list for PBXProject "swift_demo" */;
			compatibilityVersion = "Xcode 9.3";
			developmentRegion = en;
			hasScannedForEncodings = 0;
			knownRegions = (
				en,
				Base,
			);
			mainGroup = 04FCF8FA2690889F00493782;
			packageReferences = (
				0420AF32269D96CC000D3528 /* XCRemoteSwiftPackageReference "Alamofire" */,
			);
			productRefGroup = 04FCF9042690889F00493782 /* Products */;
			projectDirPath = "";
			projectRoot = "";
			targets = (
				04FCF9022690889F00493782 /* swift_demo */,
				04FCF913269088A000493782 /* swift_demoTests */,
				04FCF91E269088A000493782 /* swift_demoUITests */,
			);
		};
/* End PBXProject section */

/* Begin PBXResourcesBuildPhase section */
		04FCF9012690889F00493782 /* Resources */ = {
			isa = PBXResourcesBuildPhase;
			buildActionMask = 2147483647;
			files = (
				04FCF90E269088A000493782 /* Preview Assets.xcassets in Resources */,
				04FCF90B269088A000493782 /* Assets.xcassets in Resources */,
			);
			runOnlyForDeploymentPostprocessing = 0;
		};
		04FCF912269088A000493782 /* Resources */ = {
			isa = PBXResourcesBuildPhase;
			buildActionMask = 2147483647;
			files = (
			);
			runOnlyForDeploymentPostprocessing = 0;
		};
		04FCF91D269088A000493782 /* Resources */ = {
			isa = PBXResourcesBuildPhase;
			buildActionMask = 2147483647;
			files = (
			);
			runOnlyForDeploymentPostprocessing = 0;
		};
/* End PBXResourcesBuildPhase section */

/* Begin PBXSourcesBuildPhase section */
		04FCF8FF2690889F00493782 /* Sources */ = {
			isa = PBXSourcesBuildPhase;
			buildActionMask = 2147483647;
			files = (
				042EC7102696D6FF00CB47E6 /* ProductsApi.swift in Sources */,
				042EC70A2696D14200CB47E6 /* CartModel.swift in Sources */,
				0483002C2695C96900727456 /* ImageLoader.swift in Sources */,
				0418B621269570960051A649 /* Api.swift in Sources */,
				04FCF9092690889F00493782 /* ContentView.swift in Sources */,
				0403269B269333A3006F4DB5 /* list.swift in Sources */,
				0420AF28269D797C000D3528 /* LoginApi.swift in Sources */,
				0482B96E2696FDEF000F150D /* CartView.swift in Sources */,
				040326962693206F006F4DB5 /* Extensions.swift in Sources */,
				0482B97E26971949000F150D /* BadgeBackground.swift in Sources */,
				0482B97926971832000F150D /* DrawPaths.swift in Sources */,
				047F081F26947F2F00113E64 /* DetailView.swift in Sources */,
				04FCF9072690889F00493782 /* swift_demoApp.swift in Sources */,
				048300312695D03000727456 /* Login.swift in Sources */,
				0482B98326971ACC000F150D /* DrawBadgeSymbol.swift in Sources */,
			);
			runOnlyForDeploymentPostprocessing = 0;
		};
		04FCF910269088A000493782 /* Sources */ = {
			isa = PBXSourcesBuildPhase;
			buildActionMask = 2147483647;
			files = (
				04FCF919269088A000493782 /* swift_demoTests.swift in Sources */,
			);
			runOnlyForDeploymentPostprocessing = 0;
		};
		04FCF91B269088A000493782 /* Sources */ = {
			isa = PBXSourcesBuildPhase;
			buildActionMask = 2147483647;
			files = (
				04FCF924269088A000493782 /* swift_demoUITests.swift in Sources */,
			);
			runOnlyForDeploymentPostprocessing = 0;
		};
/* End PBXSourcesBuildPhase section */

/* Begin PBXTargetDependency section */
		04FCF916269088A000493782 /* PBXTargetDependency */ = {
			isa = PBXTargetDependency;
			target = 04FCF9022690889F00493782 /* swift_demo */;
			targetProxy = 04FCF915269088A000493782 /* PBXContainerItemProxy */;
		};
		04FCF921269088A000493782 /* PBXTargetDependency */ = {
			isa = PBXTargetDependency;
			target = 04FCF9022690889F00493782 /* swift_demo */;
			targetProxy = 04FCF920269088A000493782 /* PBXContainerItemProxy */;
		};
/* End PBXTargetDependency section */

/* Begin XCBuildConfiguration section */
		04FCF926269088A000493782 /* Debug */ = {
			isa = XCBuildConfiguration;
			buildSettings = {
				ALWAYS_SEARCH_USER_PATHS = NO;
				CLANG_ANALYZER_NONNULL = YES;
				CLANG_ANALYZER_NUMBER_OBJECT_CONVERSION = YES_AGGRESSIVE;
				CLANG_CXX_LANGUAGE_STANDARD = "gnu++14";
				CLANG_CXX_LIBRARY = "libc++";
				CLANG_ENABLE_MODULES = YES;
				CLANG_ENABLE_OBJC_ARC = YES;
				CLANG_ENABLE_OBJC_WEAK = YES;
				CLANG_WARN_BLOCK_CAPTURE_AUTORELEASING = YES;
				CLANG_WARN_BOOL_CONVERSION = YES;
				CLANG_WARN_COMMA = YES;
				CLANG_WARN_CONSTANT_CONVERSION = YES;
				CLANG_WARN_DEPRECATED_OBJC_IMPLEMENTATIONS = YES;
				CLANG_WARN_DIRECT_OBJC_ISA_USAGE = YES_ERROR;
				CLANG_WARN_DOCUMENTATION_COMMENTS = YES;
				CLANG_WARN_EMPTY_BODY = YES;
				CLANG_WARN_ENUM_CONVERSION = YES;
				CLANG_WARN_INFINITE_RECURSION = YES;
				CLANG_WARN_INT_CONVERSION = YES;
				CLANG_WARN_NON_LITERAL_NULL_CONVERSION = YES;
				CLANG_WARN_OBJC_IMPLICIT_RETAIN_SELF = YES;
				CLANG_WARN_OBJC_LITERAL_CONVERSION = YES;
				CLANG_WARN_OBJC_ROOT_CLASS = YES_ERROR;
				CLANG_WARN_QUOTED_INCLUDE_IN_FRAMEWORK_HEADER = YES;
				CLANG_WARN_RANGE_LOOP_ANALYSIS = YES;
				CLANG_WARN_STRICT_PROTOTYPES = YES;
				CLANG_WARN_SUSPICIOUS_MOVE = YES;
				CLANG_WARN_UNGUARDED_AVAILABILITY = YES_AGGRESSIVE;
				CLANG_WARN_UNREACHABLE_CODE = YES;
				CLANG_WARN__DUPLICATE_METHOD_MATCH = YES;
				COPY_PHASE_STRIP = NO;
				DEBUG_INFORMATION_FORMAT = dwarf;
				ENABLE_STRICT_OBJC_MSGSEND = YES;
				ENABLE_TESTABILITY = YES;
				GCC_C_LANGUAGE_STANDARD = gnu11;
				GCC_DYNAMIC_NO_PIC = NO;
				GCC_NO_COMMON_BLOCKS = YES;
				GCC_OPTIMIZATION_LEVEL = 0;
				GCC_PREPROCESSOR_DEFINITIONS = (
					"DEBUG=1",
					"$(inherited)",
				);
				GCC_WARN_64_TO_32_BIT_CONVERSION = YES;
				GCC_WARN_ABOUT_RETURN_TYPE = YES_ERROR;
				GCC_WARN_UNDECLARED_SELECTOR = YES;
				GCC_WARN_UNINITIALIZED_AUTOS = YES_AGGRESSIVE;
				GCC_WARN_UNUSED_FUNCTION = YES;
				GCC_WARN_UNUSED_VARIABLE = YES;
				IPHONEOS_DEPLOYMENT_TARGET = 14.4;
				MTL_ENABLE_DEBUG_INFO = INCLUDE_SOURCE;
				MTL_FAST_MATH = YES;
				ONLY_ACTIVE_ARCH = YES;
				SDKROOT = iphoneos;
				SWIFT_ACTIVE_COMPILATION_CONDITIONS = DEBUG;
				SWIFT_OPTIMIZATION_LEVEL = "-Onone";
				VALIDATE_PRODUCT = YES;
			};
			name = Debug;
		};
		04FCF927269088A000493782 /* Release */ = {
			isa = XCBuildConfiguration;
			buildSettings = {
				ALWAYS_SEARCH_USER_PATHS = NO;
				CLANG_ANALYZER_NONNULL = YES;
				CLANG_ANALYZER_NUMBER_OBJECT_CONVERSION = YES_AGGRESSIVE;
				CLANG_CXX_LANGUAGE_STANDARD = "gnu++14";
				CLANG_CXX_LIBRARY = "libc++";
				CLANG_ENABLE_MODULES = YES;
				CLANG_ENABLE_OBJC_ARC = YES;
				CLANG_ENABLE_OBJC_WEAK = YES;
				CLANG_WARN_BLOCK_CAPTURE_AUTORELEASING = YES;
				CLANG_WARN_BOOL_CONVERSION = YES;
				CLANG_WARN_COMMA = YES;
				CLANG_WARN_CONSTANT_CONVERSION = YES;
				CLANG_WARN_DEPRECATED_OBJC_IMPLEMENTATIONS = YES;
				CLANG_WARN_DIRECT_OBJC_ISA_USAGE = YES_ERROR;
				CLANG_WARN_DOCUMENTATION_COMMENTS = YES;
				CLANG_WARN_EMPTY_BODY = YES;
				CLANG_WARN_ENUM_CONVERSION = YES;
				CLANG_WARN_INFINITE_RECURSION = YES;
				CLANG_WARN_INT_CONVERSION = YES;
				CLANG_WARN_NON_LITERAL_NULL_CONVERSION = YES;
				CLANG_WARN_OBJC_IMPLICIT_RETAIN_SELF = YES;
				CLANG_WARN_OBJC_LITERAL_CONVERSION = YES;
				CLANG_WARN_OBJC_ROOT_CLASS = YES_ERROR;
				CLANG_WARN_QUOTED_INCLUDE_IN_FRAMEWORK_HEADER = YES;
				CLANG_WARN_RANGE_LOOP_ANALYSIS = YES;
				CLANG_WARN_STRICT_PROTOTYPES = YES;
				CLANG_WARN_SUSPICIOUS_MOVE = YES;
				CLANG_WARN_UNGUARDED_AVAILABILITY = YES_AGGRESSIVE;
				CLANG_WARN_UNREACHABLE_CODE = YES;
				CLANG_WARN__DUPLICATE_METHOD_MATCH = YES;
				COPY_PHASE_STRIP = NO;
				DEBUG_INFORMATION_FORMAT = "dwarf-with-dsym";
				ENABLE_NS_ASSERTIONS = NO;
				ENABLE_STRICT_OBJC_MSGSEND = YES;
				GCC_C_LANGUAGE_STANDARD = gnu11;
				GCC_NO_COMMON_BLOCKS = YES;
				GCC_WARN_64_TO_32_BIT_CONVERSION = YES;
				GCC_WARN_ABOUT_RETURN_TYPE = YES_ERROR;
				GCC_WARN_UNDECLARED_SELECTOR = YES;
				GCC_WARN_UNINITIALIZED_AUTOS = YES_AGGRESSIVE;
				GCC_WARN_UNUSED_FUNCTION = YES;
				GCC_WARN_UNUSED_VARIABLE = YES;
				IPHONEOS_DEPLOYMENT_TARGET = 14.4;
				MTL_ENABLE_DEBUG_INFO = NO;
				MTL_FAST_MATH = YES;
				ONLY_ACTIVE_ARCH = YES;
				SDKROOT = iphoneos;
				SWIFT_COMPILATION_MODE = wholemodule;
				SWIFT_OPTIMIZATION_LEVEL = "-O";
				VALIDATE_PRODUCT = NO;
			};
			name = Release;
		};
		04FCF929269088A000493782 /* Debug */ = {
			isa = XCBuildConfiguration;
			buildSettings = {
				ASSETCATALOG_COMPILER_APPICON_NAME = AppIcon;
				ASSETCATALOG_COMPILER_GLOBAL_ACCENT_COLOR_NAME = AccentColor;
				CODE_SIGN_STYLE = Automatic;
				DEVELOPMENT_ASSET_PATHS = "\"swift_demo/Preview Content\"";
				ENABLE_PREVIEWS = YES;
				INFOPLIST_FILE = swift_demo/Info.plist;
				IPHONEOS_DEPLOYMENT_TARGET = 14.0;
				LD_RUNPATH_SEARCH_PATHS = (
					"$(inherited)",
					"@executable_path/Frameworks",
				);
				PRODUCT_BUNDLE_IDENTIFIER = "jf.swift-demo";
				PRODUCT_NAME = "$(TARGET_NAME)";
				SWIFT_VERSION = 5.0;
				TARGETED_DEVICE_FAMILY = "1,2";
			};
			name = Debug;
		};
		04FCF92A269088A000493782 /* Release */ = {
			isa = XCBuildConfiguration;
			buildSettings = {
				ASSETCATALOG_COMPILER_APPICON_NAME = AppIcon;
				ASSETCATALOG_COMPILER_GLOBAL_ACCENT_COLOR_NAME = AccentColor;
				CODE_SIGN_STYLE = Automatic;
				DEVELOPMENT_ASSET_PATHS = "\"swift_demo/Preview Content\"";
				ENABLE_PREVIEWS = YES;
				INFOPLIST_FILE = swift_demo/Info.plist;
				IPHONEOS_DEPLOYMENT_TARGET = 14.0;
				LD_RUNPATH_SEARCH_PATHS = (
					"$(inherited)",
					"@executable_path/Frameworks",
				);
				PRODUCT_BUNDLE_IDENTIFIER = "jf.swift-demo";
				PRODUCT_NAME = "$(TARGET_NAME)";
				SWIFT_VERSION = 5.0;
				TARGETED_DEVICE_FAMILY = "1,2";
			};
			name = Release;
		};
		04FCF92C269088A000493782 /* Debug */ = {
			isa = XCBuildConfiguration;
			buildSettings = {
				ALWAYS_EMBED_SWIFT_STANDARD_LIBRARIES = YES;
				BUNDLE_LOADER = "$(TEST_HOST)";
				CODE_SIGN_STYLE = Automatic;
				INFOPLIST_FILE = swift_demoTests/Info.plist;
				IPHONEOS_DEPLOYMENT_TARGET = 14.0;
				LD_RUNPATH_SEARCH_PATHS = (
					"$(inherited)",
					"@executable_path/Frameworks",
					"@loader_path/Frameworks",
				);
				PRODUCT_BUNDLE_IDENTIFIER = "jf.swift-demoTests";
				PRODUCT_NAME = "$(TARGET_NAME)";
				SWIFT_VERSION = 5.0;
				TARGETED_DEVICE_FAMILY = "1,2";
				TEST_HOST = "$(BUILT_PRODUCTS_DIR)/swift_demo.app/swift_demo";
			};
			name = Debug;
		};
		04FCF92D269088A000493782 /* Release */ = {
			isa = XCBuildConfiguration;
			buildSettings = {
				ALWAYS_EMBED_SWIFT_STANDARD_LIBRARIES = YES;
				BUNDLE_LOADER = "$(TEST_HOST)";
				CODE_SIGN_STYLE = Automatic;
				INFOPLIST_FILE = swift_demoTests/Info.plist;
				IPHONEOS_DEPLOYMENT_TARGET = 14.0;
				LD_RUNPATH_SEARCH_PATHS = (
					"$(inherited)",
					"@executable_path/Frameworks",
					"@loader_path/Frameworks",
				);
				PRODUCT_BUNDLE_IDENTIFIER = "jf.swift-demoTests";
				PRODUCT_NAME = "$(TARGET_NAME)";
				SWIFT_VERSION = 5.0;
				TARGETED_DEVICE_FAMILY = "1,2";
				TEST_HOST = "$(BUILT_PRODUCTS_DIR)/swift_demo.app/swift_demo";
			};
			name = Release;
		};
		04FCF92F269088A000493782 /* Debug */ = {
			isa = XCBuildConfiguration;
			buildSettings = {
				ALWAYS_EMBED_SWIFT_STANDARD_LIBRARIES = YES;
				CODE_SIGN_STYLE = Automatic;
				INFOPLIST_FILE = swift_demoUITests/Info.plist;
				LD_RUNPATH_SEARCH_PATHS = (
					"$(inherited)",
					"@executable_path/Frameworks",
					"@loader_path/Frameworks",
				);
				PRODUCT_BUNDLE_IDENTIFIER = "jf.swift-demoUITests";
				PRODUCT_NAME = "$(TARGET_NAME)";
				SWIFT_VERSION = 5.0;
				TARGETED_DEVICE_FAMILY = "1,2";
				TEST_TARGET_NAME = swift_demo;
			};
			name = Debug;
		};
		04FCF930269088A000493782 /* Release */ = {
			isa = XCBuildConfiguration;
			buildSettings = {
				ALWAYS_EMBED_SWIFT_STANDARD_LIBRARIES = YES;
				CODE_SIGN_STYLE = Automatic;
				INFOPLIST_FILE = swift_demoUITests/Info.plist;
				LD_RUNPATH_SEARCH_PATHS = (
					"$(inherited)",
					"@executable_path/Frameworks",
					"@loader_path/Frameworks",
				);
				PRODUCT_BUNDLE_IDENTIFIER = "jf.swift-demoUITests";
				PRODUCT_NAME = "$(TARGET_NAME)";
				SWIFT_VERSION = 5.0;
				TARGETED_DEVICE_FAMILY = "1,2";
				TEST_TARGET_NAME = swift_demo;
			};
			name = Release;
		};
/* End XCBuildConfiguration section */

/* Begin XCConfigurationList section */
		04FCF8FE2690889F00493782 /* Build configuration list for PBXProject "swift_demo" */ = {
			isa = XCConfigurationList;
			buildConfigurations = (
				04FCF926269088A000493782 /* Debug */,
				04FCF927269088A000493782 /* Release */,
			);
			defaultConfigurationIsVisible = 0;
			defaultConfigurationName = Release;
		};
		04FCF928269088A000493782 /* Build configuration list for PBXNativeTarget "swift_demo" */ = {
			isa = XCConfigurationList;
			buildConfigurations = (
				04FCF929269088A000493782 /* Debug */,
				04FCF92A269088A000493782 /* Release */,
			);
			defaultConfigurationIsVisible = 0;
			defaultConfigurationName = Release;
		};
		04FCF92B269088A000493782 /* Build configuration list for PBXNativeTarget "swift_demoTests" */ = {
			isa = XCConfigurationList;
			buildConfigurations = (
				04FCF92C269088A000493782 /* Debug */,
				04FCF92D269088A000493782 /* Release */,
			);
			defaultConfigurationIsVisible = 0;
			defaultConfigurationName = Release;
		};
		04FCF92E269088A000493782 /* Build configuration list for PBXNativeTarget "swift_demoUITests" */ = {
			isa = XCConfigurationList;
			buildConfigurations = (
				04FCF92F269088A000493782 /* Debug */,
				04FCF930269088A000493782 /* Release */,
			);
			defaultConfigurationIsVisible = 0;
			defaultConfigurationName = Release;
		};
/* End XCConfigurationList section */

/* Begin XCRemoteSwiftPackageReference section */
		0420AF32269D96CC000D3528 /* XCRemoteSwiftPackageReference "Alamofire" */ = {
			isa = XCRemoteSwiftPackageReference;
			repositoryURL = "https://github.com/Alamofire/Alamofire.git";
			requirement = {
				kind = upToNextMajorVersion;
				minimumVersion = 5.4.3;
			};
		};
/* End XCRemoteSwiftPackageReference section */

/* Begin XCSwiftPackageProductDependency section */
		0420AF33269D96CC000D3528 /* Alamofire */ = {
			isa = XCSwiftPackageProductDependency;
			package = 0420AF32269D96CC000D3528 /* XCRemoteSwiftPackageReference "Alamofire" */;
			productName = Alamofire;
		};
/* End XCSwiftPackageProductDependency section */
	};
	rootObject = 04FCF8FB2690889F00493782 /* Project object */;
}
